
Microsoft Visual Studio Solution File, Format Version 12.00
# Visual Studio Version 17
VisualStudioVersion = 17.0.31903.59
MinimumVisualStudioVersion = 10.0.40219.1
Project("{FAE04EC0-301F-11D3-BF4B-00C04F79EFBC}") = "Tbtb.Api", "src\Tbtb.Api\Tbtb.Api.csproj", "{72583F9B-B931-4C23-B268-E26571360ED3}"
EndProject
Project("{FAE04EC0-301F-11D3-BF4B-00C04F79EFBC}") = "Tbtb.Domain", "src\Tbtb.Domain\Tbtb.Domain.csproj", "{8E39B5D8-3A4E-4DF1-B054-91E44E019872}"
EndProject
Project("{FAE04EC0-301F-11D3-BF4B-00C04F79EFBC}") = "Tbtb.Application", "src\Tbtb.Application\Tbtb.Application.csproj", "{A05F936F-E28D-4390-9E30-E3D44EB2F978}"
EndProject
Project("{FAE04EC0-301F-11D3-BF4B-00C04F79EFBC}") = "Tbtb.Infrastructure", "src\Tbtb.Infrastructure\Tbtb.Infrastructure.csproj", "{C21616CC-3E06-42ED-879B-3C565724956E}"
EndProject
Project("{2150E333-8FDC-42A3-9474-1A3956D46DE8}") = "tests", "tests", "{0AB3BF05-4346-4AA6-1389-037BE0695223}"
EndProject
Project("{FAE04EC0-301F-11D3-BF4B-00C04F79EFBC}") = "Tbtb.Application.Tests", "tests\Tbtb.Application.Tests\Tbtb.Application.Tests.csproj", "{7FCD90A6-9874-4B74-A009-C28B05F00981}"
EndProject
Global
	GlobalSection(SolutionConfigurationPlatforms) = preSolution
		Debug|Any CPU = Debug|Any CPU
		Debug|x64 = Debug|x64
		Debug|x86 = Debug|x86
		Release|Any CPU = Release|Any CPU
		Release|x64 = Release|x64
		Release|x86 = Release|x86
	EndGlobalSection
	GlobalSection(ProjectConfigurationPlatforms) = postSolution
		{72583F9B-B931-4C23-B268-E26571360ED3}.Debug|Any CPU.ActiveCfg = Debug|Any CPU
		{72583F9B-B931-4C23-B268-E26571360ED3}.Debug|Any CPU.Build.0 = Debug|Any CPU
		{72583F9B-B931-4C23-B268-E26571360ED3}.Debug|x64.ActiveCfg = Debug|Any CPU
		{72583F9B-B931-4C23-B268-E26571360ED3}.Debug|x64.Build.0 = Debug|Any CPU
		{72583F9B-B931-4C23-B268-E26571360ED3}.Debug|x86.ActiveCfg = Debug|Any CPU
		{72583F9B-B931-4C23-B268-E26571360ED3}.Debug|x86.Build.0 = Debug|Any CPU
		{72583F9B-B931-4C23-B268-E26571360ED3}.Release|Any CPU.ActiveCfg = Release|Any CPU
		{72583F9B-B931-4C23-B268-E26571360ED3}.Release|Any CPU.Build.0 = Release|Any CPU
		{72583F9B-B931-4C23-B268-E26571360ED3}.Release|x64.ActiveCfg = Release|Any CPU
		{72583F9B-B931-4C23-B268-E26571360ED3}.Release|x64.Build.0 = Release|Any CPU
		{72583F9B-B931-4C23-B268-E26571360ED3}.Release|x86.ActiveCfg = Release|Any CPU
		{72583F9B-B931-4C23-B268-E26571360ED3}.Release|x86.Build.0 = Release|Any CPU
		{8E39B5D8-3A4E-4DF1-B054-91E44E019872}.Debug|Any CPU.ActiveCfg = Debug|Any CPU
		{8E39B5D8-3A4E-4DF1-B054-91E44E019872}.Debug|Any CPU.Build.0 = Debug|Any CPU
		{8E39B5D8-3A4E-4DF1-B054-91E44E019872}.Debug|x64.ActiveCfg = Debug|Any CPU
		{8E39B5D8-3A4E-4DF1-B054-91E44E019872}.Debug|x64.Build.0 = Debug|Any CPU
		{8E39B5D8-3A4E-4DF1-B054-91E44E019872}.Debug|x86.ActiveCfg = Debug|Any CPU
		{8E39B5D8-3A4E-4DF1-B054-91E44E019872}.Debug|x86.Build.0 = Debug|Any CPU
		{8E39B5D8-3A4E-4DF1-B054-91E44E019872}.Release|Any CPU.ActiveCfg = Release|Any CPU
		{8E39B5D8-3A4E-4DF1-B054-91E44E019872}.Release|Any CPU.Build.0 = Release|Any CPU
		{8E39B5D8-3A4E-4DF1-B054-91E44E019872}.Release|x64.ActiveCfg = Release|Any CPU
		{8E39B5D8-3A4E-4DF1-B054-91E44E019872}.Release|x64.Build.0 = Release|Any CPU
		{8E39B5D8-3A4E-4DF1-B054-91E44E019872}.Release|x86.ActiveCfg = Release|Any CPU
		{8E39B5D8-3A4E-4DF1-B054-91E44E019872}.Release|x86.Build.0 = Release|Any CPU
		{A05F936F-E28D-4390-9E30-E3D44EB2F978}.Debug|Any CPU.ActiveCfg = Debug|Any CPU
		{A05F936F-E28D-4390-9E30-E3D44EB2F978}.Debug|Any CPU.Build.0 = Debug|Any CPU
		{A05F936F-E28D-4390-9E30-E3D44EB2F978}.Debug|x64.ActiveCfg = Debug|Any CPU
		{A05F936F-E28D-4390-9E30-E3D44EB2F978}.Debug|x64.Build.0 = Debug|Any CPU
		{A05F936F-E28D-4390-9E30-E3D44EB2F978}.Debug|x86.ActiveCfg = Debug|Any CPU
		{A05F936F-E28D-4390-9E30-E3D44EB2F978}.Debug|x86.Build.0 = Debug|Any CPU
		{A05F936F-E28D-4390-9E30-E3D44EB2F978}.Release|Any CPU.ActiveCfg = Release|Any CPU
		{A05F936F-E28D-4390-9E30-E3D44EB2F978}.Release|Any CPU.Build.0 = Release|Any CPU
		{A05F936F-E28D-4390-9E30-E3D44EB2F978}.Release|x64.ActiveCfg = Release|Any CPU
		{A05F936F-E28D-4390-9E30-E3D44EB2F978}.Release|x64.Build.0 = Release|Any CPU
		{A05F936F-E28D-4390-9E30-E3D44EB2F978}.Release|x86.ActiveCfg = Release|Any CPU
		{A05F936F-E28D-4390-9E30-E3D44EB2F978}.Release|x86.Build.0 = Release|Any CPU
		{C21616CC-3E06-42ED-879B-3C565724956E}.Debug|Any CPU.ActiveCfg = Debug|Any CPU
		{C21616CC-3E06-42ED-879B-3C565724956E}.Debug|Any CPU.Build.0 = Debug|Any CPU
		{C21616CC-3E06-42ED-879B-3C565724956E}.Debug|x64.ActiveCfg = Debug|Any CPU
		{C21616CC-3E06-42ED-879B-3C565724956E}.Debug|x64.Build.0 = Debug|Any CPU
		{C21616CC-3E06-42ED-879B-3C565724956E}.Debug|x86.ActiveCfg = Debug|Any CPU
		{C21616CC-3E06-42ED-879B-3C565724956E}.Debug|x86.Build.0 = Debug|Any CPU
		{C21616CC-3E06-42ED-879B-3C565724956E}.Release|Any CPU.ActiveCfg = Release|Any CPU
		{C21616CC-3E06-42ED-879B-3C565724956E}.Release|Any CPU.Build.0 = Release|Any CPU
		{C21616CC-3E06-42ED-879B-3C565724956E}.Release|x64.ActiveCfg = Release|Any CPU
		{C21616CC-3E06-42ED-879B-3C565724956E}.Release|x64.Build.0 = Release|Any CPU
		{C21616CC-3E06-42ED-879B-3C565724956E}.Release|x86.ActiveCfg = Release|Any CPU
		{C21616CC-3E06-42ED-879B-3C565724956E}.Release|x86.Build.0 = Release|Any CPU
		{7FCD90A6-9874-4B74-A009-C28B05F00981}.Debug|Any CPU.ActiveCfg = Debug|Any CPU
		{7FCD90A6-9874-4B74-A009-C28B05F00981}.Debug|Any CPU.Build.0 = Debug|Any CPU
		{7FCD90A6-9874-4B74-A009-C28B05F00981}.Debug|x64.ActiveCfg = Debug|Any CPU
		{7FCD90A6-9874-4B74-A009-C28B05F00981}.Debug|x64.Build.0 = Debug|Any CPU
		{7FCD90A6-9874-4B74-A009-C28B05F00981}.Debug|x86.ActiveCfg = Debug|Any CPU
		{7FCD90A6-9874-4B74-A009-C28B05F00981}.Debug|x86.Build.0 = Debug|Any CPU
		{7FCD90A6-9874-4B74-A009-C28B05F00981}.Release|Any CPU.ActiveCfg = Release|Any CPU
		{7FCD90A6-9874-4B74-A009-C28B05F00981}.Release|Any CPU.Build.0 = Release|Any CPU
		{7FCD90A6-9874-4B74-A009-C28B05F00981}.Release|x64.ActiveCfg = Release|Any CPU
		{7FCD90A6-9874-4B74-A009-C28B05F00981}.Release|x64.Build.0 = Release|Any CPU
		{7FCD90A6-9874-4B74-A009-C28B05F00981}.Release|x86.ActiveCfg = Release|Any CPU
		{7FCD90A6-9874-4B74-A009-C28B05F00981}.Release|x86.Build.0 = Release|Any CPU
	EndGlobalSection
	GlobalSection(SolutionProperties) = preSolution
		HideSolutionNode = FALSE
	EndGlobalSection
	GlobalSection(NestedProjects) = preSolution
		{7FCD90A6-9874-4B74-A009-C28B05F00981} = {0AB3BF05-4346-4AA6-1389-037BE0695223}
	EndGlobalSection
EndGlobal
